<Project xmlns="http://schemas.microsoft.com/developer/msbuild/2003">
    <PropertyGroup>
        <ProjectGuid>{49D10944-BE47-4CFD-8FC8-358DF51B06AA}</ProjectGuid>
        <ProjectVersion>20.4</ProjectVersion>
        <FrameworkType>VCL</FrameworkType>
        <MainSource>FactuzamConexionTests.dpr</MainSource>
        <Base>True</Base>
        <Config Condition="'$(Config)'==''">Debug</Config>
        <Platform Condition="'$(Platform)'==''">Win32</Platform>
        <TargetedPlatforms>3</TargetedPlatforms>
        <AppType>Console</AppType>
        <ProjectName Condition="'$(ProjectName)'==''">FactuzamConexionTests</ProjectName>
        <FactuzamRequiereDUnitX>true</FactuzamRequiereDUnitX>
    </PropertyGroup>
    <Import Project="$(MSBuildProjectDirectory)\..\eng\Factuzam.Dependencias.props"/>
    <PropertyGroup Condition="'$(Config)'=='Base' or '$(Base)'!=''">
        <Base>true</Base>
    </PropertyGroup>
    <PropertyGroup Condition="('$(Platform)'=='Win32' and '$(Base)'=='true') or '$(Base_Win32)'!=''">
        <Base_Win32>true</Base_Win32>
        <CfgParent>Base</CfgParent>
        <Base>true</Base>
    </PropertyGroup>
    <PropertyGroup Condition="('$(Platform)'=='Win64' and '$(Base)'=='true') or '$(Base_Win64)'!=''">
        <Base_Win64>true</Base_Win64>
        <CfgParent>Base</CfgParent>
        <Base>true</Base>
    </PropertyGroup>
    <PropertyGroup Condition="'$(Config)'=='Debug' or '$(Cfg_1)'!=''">
        <Cfg_1>true</Cfg_1>
        <CfgParent>Base</CfgParent>
        <Base>true</Base>
    </PropertyGroup>
    <PropertyGroup Condition="('$(Platform)'=='Win32' and '$(Cfg_1)'=='true') or '$(Cfg_1_Win32)'!=''">
        <Cfg_1_Win32>true</Cfg_1_Win32>
        <CfgParent>Cfg_1</CfgParent>
        <Cfg_1>true</Cfg_1>
        <Base>true</Base>
    </PropertyGroup>
    <PropertyGroup Condition="('$(Platform)'=='Win64' and '$(Cfg_1)'=='true') or '$(Cfg_1_Win64)'!=''">
        <Cfg_1_Win64>true</Cfg_1_Win64>
        <CfgParent>Cfg_1</CfgParent>
        <Cfg_1>true</Cfg_1>
        <Base>true</Base>
    </PropertyGroup>
    <PropertyGroup Condition="'$(Base)'!=''">
        <DCC_DcuOutput>.\$(Platform)\$(Config)\dcu</DCC_DcuOutput>
        <DCC_ExeOutput>.\$(Platform)\$(Config)</DCC_ExeOutput>
        <DCC_UnitSearchPath>..\src\Lib;..\src\DataModules;..\src\3rdpartyComp\DCPCrypt-master;..\src\3rdpartyComp\DCPCrypt-master\Ciphers;$(FactuzamDependenciasPruebas);$(DCC_UnitSearchPath)</DCC_UnitSearchPath>
        <DCC_Namespace>System;Xml;Data;Datasnap;Web;Soap;Vcl;Vcl.Imaging;Vcl.Touch;Vcl.Samples;Vcl.Shell;$(DCC_Namespace)</DCC_Namespace>
        <SanitizedProjectName>FactuzamConexionTests</SanitizedProjectName>
    </PropertyGroup>
    <PropertyGroup Condition="'$(Base_Win32)'!=''">
        <DCC_Namespace>Winapi;System.Win;Data.Win;Datasnap.Win;Web.Win;Soap.Win;Xml.Win;Bde;$(DCC_Namespace)</DCC_Namespace>
    </PropertyGroup>
    <PropertyGroup Condition="'$(Base_Win64)'!=''">
        <DCC_Namespace>Winapi;System.Win;Data.Win;Datasnap.Win;Web.Win;Soap.Win;Xml.Win;$(DCC_Namespace)</DCC_Namespace>
    </PropertyGroup>
    <PropertyGroup Condition="'$(Cfg_1)'!=''">
        <DCC_Define>DEBUG;$(DCC_Define)</DCC_Define>
        <DCC_DebugDCUs>false</DCC_DebugDCUs>
        <DCC_Optimize>false</DCC_Optimize>
        <DCC_GenerateStackFrames>true</DCC_GenerateStackFrames>
        <DCC_DebugInfoInExe>true</DCC_DebugInfoInExe>
    </PropertyGroup>
    <ItemGroup>
        <DelphiCompile Include="$(MainSource)">
            <MainSource>MainSource</MainSource>
        </DelphiCompile>
        <DCCReference Include="PruebasPerfilConexion.pas"/>
        <DCCReference Include="PruebasDialectosSql.pas"/>
        <DCCReference Include="PruebasCatalogoSqlMotores.pas"/>
        <DCCReference Include="PruebasFabricaConexionUniDAC.pas"/>
        <DCCReference Include="PruebasProteccionDatosFacturacion.pas"/>
        <DCCReference Include="PruebasGeneradorProcesosProteccion.pas"/>
        <DCCReference Include="PruebasRestauracionCopiasReglas.pas"/>
        <DCCReference Include="PruebasCorreoValidacion.pas"/>
        <DCCReference Include="PruebasCredencialUsuarioIni.pas"/>
        <DCCReference Include="PruebasNuevoEquipo.pas"/>
        <DCCReference Include="PruebasLogonAplicacion.pas"/>
        <DCCReference Include="..\src\Lib\inLibConexionesIntf.pas"/>
        <DCCReference Include="..\src\Lib\inLibConexionPerfilIntf.pas"/>
        <DCCReference Include="..\src\Lib\inLibConexionPerfil.pas"/>
        <DCCReference Include="..\src\Lib\inLibDialectoSqlIntf.pas"/>
        <DCCReference Include="..\src\Lib\inLibDialectosSql.pas"/>
        <DCCReference Include="..\src\Lib\inLibMsgSql.pas"/>
        <DCCReference Include="..\src\Lib\inLibMsgSqlSeguro.pas"/>
        <DCCReference Include="..\src\Lib\inLibCatalogoSqlIntf.pas"/>
        <DCCReference Include="..\src\Lib\inLibCatalogoSqlValidacion.pas"/>
        <DCCReference Include="..\src\Lib\inLibCatalogoSqlPerfiles.pas"/>
        <DCCReference Include="..\src\Lib\inLibCatalogoSqlEjecucion.pas"/>
        <DCCReference Include="..\src\Lib\inLibSqlSeguro.pas"/>
        <DCCReference Include="..\src\Lib\inLibProteccionDatosFacturacion.pas"/>
        <DCCReference Include="..\src\Lib\inLibCorreoValidacion.pas"/>
        <DCCReference Include="..\src\Lib\inLibCifrado.pas"/>
        <DCCReference Include="..\src\Lib\inLibProteccionCredenciales.pas"/>
        <DCCReference Include="..\src\Lib\inLibCredencialUsuarioIni.pas"/>
        <DCCReference Include="..\src\Lib\inLibNuevoEquipo.pas"/>
        <DCCReference Include="..\src\Lib\inLibLogonAplicacionIntf.pas"/>
        <DCCReference Include="..\src\Lib\inLibLogonAplicacion.pas"/>
        <DCCReference Include="..\src\DataModules\UniDataConexionFabrica.pas"/>
    </ItemGroup>
    <ProjectExtensions>
        <Borland.Personality>Delphi.Personality.12</Borland.Personality>
        <Borland.ProjectType/>
        <BorlandProject>
            <Delphi.Personality>
                <Source>
                    <Source Name="MainSource">FactuzamConexionTests.dpr</Source>
                </Source>
            </Delphi.Personality>
            <Platforms>
                <Platform value="Win32">True</Platform>
                <Platform value="Win64">True</Platform>
            </Platforms>
        </BorlandProject>
        <ProjectFileVersion>12</ProjectFileVersion>
    </ProjectExtensions>
    <Import Project="$(BDS)\Bin\CodeGear.Delphi.Targets" Condition="Exists('$(BDS)\Bin\CodeGear.Delphi.Targets')"/>
    <Import Project="$(APPDATA)\Embarcadero\$(BDSAPPDATABASEDIR)\$(PRODUCTVERSION)\UserTools.proj" Condition="Exists('$(APPDATA)\Embarcadero\$(BDSAPPDATABASEDIR)\$(PRODUCTVERSION)\UserTools.proj')"/>
</Project>
