<Project xmlns="http://schemas.microsoft.com/developer/msbuild/2003">
    <PropertyGroup>
        <ProjectGuid>{E93654F6-79B6-4847-ADDE-B833A998DC6D}</ProjectGuid>
        <MainSource>FactuzamTests.dpr</MainSource>
        <Base>True</Base>
        <Config Condition="'$(Config)'==''">Debug</Config>
        <ProjectName Condition="'$(ProjectName)'==''">FactuzamTests</ProjectName>
        <TargetedPlatforms>3</TargetedPlatforms>
        <AppType>Console</AppType>
        <FrameworkType>None</FrameworkType>
        <ProjectVersion>20.3</ProjectVersion>
        <Platform Condition="'$(Platform)'==''">Win64</Platform>
    </PropertyGroup>
    <PropertyGroup Condition="'$(Config)'=='Base' or '$(Base)'!=''">
        <Base>true</Base>
    </PropertyGroup>
    <PropertyGroup Condition="('$(Platform)'=='Win32' and '$(Base)'=='true') or '$(Base_Win32)'!=''">
        <Base_Win32>true</Base_Win32>
        <CfgParent>Base</CfgParent>
        <Base>true</Base>
    </PropertyGroup>
    <PropertyGroup Condition="('$(Platform)'=='Win64' and '$(Base)'=='true') or '$(Base_Win64)'!=''">
        <Base_Win64>true</Base_Win64>
        <CfgParent>Base</CfgParent>
        <Base>true</Base>
    </PropertyGroup>
    <PropertyGroup Condition="'$(Config)'=='Release' or '$(Cfg_1)'!=''">
        <Cfg_1>true</Cfg_1>
        <CfgParent>Base</CfgParent>
        <Base>true</Base>
    </PropertyGroup>
    <PropertyGroup Condition="'$(Config)'=='Debug' or '$(Cfg_2)'!=''">
        <Cfg_2>true</Cfg_2>
        <CfgParent>Base</CfgParent>
        <Base>true</Base>
    </PropertyGroup>
    <PropertyGroup Condition="'$(Base)'!=''">
        <DCC_E>false</DCC_E>
        <DCC_F>false</DCC_F>
        <DCC_K>false</DCC_K>
        <DCC_N>false</DCC_N>
        <DCC_S>false</DCC_S>
        <DCC_ImageBase>00400000</DCC_ImageBase>
        <DCC_Namespace>System;Xml;Data;Datasnap;Web;Soap;$(DCC_Namespace)</DCC_Namespace>
        <DCC_UnitSearchPath>..\src\Lib;..\src\Lib3par;..\src\DataModules;..\src\Forms;..\src\verifactu;..\src\Caja\Lib;..\src\Caja\DataModules;$(DCC_UnitSearchPath)</DCC_UnitSearchPath>
        <DCC_ExeOutput>.\bin\$(Platform)\$(Config)</DCC_ExeOutput>
        <DCC_DcuOutput>.\dcu\$(Platform)\$(Config)</DCC_DcuOutput>
        <SanitizedProjectName>FactuzamTests</SanitizedProjectName>
        <VerInfo_Locale>3082</VerInfo_Locale>
        <Icon_MainIcon>$(BDS)\bin\delphi_PROJECTICON.ico</Icon_MainIcon>
    </PropertyGroup>
    <PropertyGroup Condition="'$(Base_Win32)'!=''">
        <DCC_Namespace>Winapi;System.Win;Data.Win;Datasnap.Win;Web.Win;Soap.Win;Xml.Win;Vcl;Vcl.Imaging;$(DCC_Namespace)</DCC_Namespace>
        <BT_BuildType>Debug</BT_BuildType>
    </PropertyGroup>
    <PropertyGroup Condition="'$(Base_Win64)'!=''">
        <DCC_Namespace>Winapi;System.Win;Data.Win;Datasnap.Win;Web.Win;Soap.Win;Xml.Win;Vcl;Vcl.Imaging;$(DCC_Namespace)</DCC_Namespace>
        <BT_BuildType>Debug</BT_BuildType>
    </PropertyGroup>
    <PropertyGroup Condition="'$(Cfg_1)'!=''">
        <DCC_Define>RELEASE;$(DCC_Define)</DCC_Define>
        <DCC_DebugInformation>0</DCC_DebugInformation>
        <DCC_LocalDebugSymbols>false</DCC_LocalDebugSymbols>
        <DCC_SymbolReferenceInfo>0</DCC_SymbolReferenceInfo>
    </PropertyGroup>
    <PropertyGroup Condition="'$(Cfg_2)'!=''">
        <DCC_Define>DEBUG;$(DCC_Define)</DCC_Define>
        <DCC_Optimize>false</DCC_Optimize>
        <DCC_GenerateStackFrames>true</DCC_GenerateStackFrames>
    </PropertyGroup>
    <ItemGroup>
        <DelphiCompile Include="$(MainSource)">
            <MainSource>MainSource</MainSource>
        </DelphiCompile>
        <DCCReference Include="..\src\DataModules\UniDataGen.pas"/>
        <DCCReference Include="..\src\Lib\inLibAtributosPaleta.pas"/>
        <DCCReference Include="..\src\Lib\inLibAtributosPaletaIntf.pas"/>
        <DCCReference
            Include="..\src\DataModules\UniDataAtributosPaletaRepositorio.pas"/>
        <DCCReference Include="..\src\Lib\inLibColumnasDocumento.pas"/>
        <DCCReference Include="..\src\Lib\inLibFiltroUsuario.pas"/>
        <DCCReference Include="..\src\Lib\inLibGestorFiltrosMto.pas"/>
        <DCCReference Include="..\src\Lib\inLibGestorPerfilesMto.pas"/>
        <DCCReference Include="..\src\Lib\inLibGestorGuiasGridMto.pas"/>
        <DCCReference Include="..\src\Lib\inLibGestorTareasMto.pas"/>
        <DCCReference Include="..\src\Lib\inLibGestorArticulosMto.pas"/>
        <DCCReference Include="..\src\Lib\inLibArticulosVisibilidad.pas"/>
        <DCCReference Include="..\src\Lib\inLibGestorCopiaLineasCompra.pas"/>
        <DCCReference Include="..\src\Lib\inLibDiag.pas"/>
        <DCCReference Include="..\src\Lib\inLibCadenas.pas"/>
        <DCCReference Include="..\src\Lib\inLibCifrado.pas"/>
        <DCCReference Include="..\src\Lib\inLibCifradoCopias.pas"/>
        <DCCReference Include="..\src\Lib\inLibCopiasSeguridadIntf.pas"/>
        <DCCReference Include="..\src\Lib\inLibCopiasSeguridadReglas.pas"/>
        <DCCReference Include="..\src\Lib\inLibOperacionesAplicacionIntf.pas"/>
        <DCCReference Include="..\src\Lib\inLibCoordinadorOperacionesAplicacion.pas"/>
        <DCCReference Include="..\src\Lib\inLibConfiguracionIni.pas"/>
        <DCCReference Include="..\src\Lib\inLibDocumentoFiscal.pas"/>
        <DCCReference Include="..\src\Lib\inLibIBAN.pas"/>
        <DCCReference Include="..\src\Lib\inLibConexionesIntf.pas"/>
        <DCCReference Include="..\src\Lib\inLibConexionesUniDAC.pas"/>
        <DCCReference Include="..\src\Lib\inLibDatasets.pas"/>
        <DCCReference Include="..\src\Lib\inLibValoresAutomaticos.pas"/>
        <DCCReference Include="..\src\Lib\inLibBusquedasCompra.pas"/>
        <DCCReference Include="..\src\Lib\inLibDocumentoIntf.pas"/>
        <DCCReference Include="..\src\Lib\inLibDocumento.pas"/>
        <DCCReference Include="..\src\Lib\inLibValidacionDocumento.pas"/>
        <DCCReference Include="..\src\Lib\inLibPresentacionDocumento.pas"/>
        <DCCReference Include="..\src\Lib\inLibFacturasCobrosPresentacion.pas"/>
        <DCCReference
            Include="..\src\Lib\inLibFacturasEstadoFiscalPresentacion.pas"/>
        <DCCReference Include="..\src\Lib\inLibFacturasOperacionFiscal.pas"/>
        <DCCReference Include="..\src\Lib\inLibFacturasAplicacionIntf.pas"/>
        <DCCReference Include="..\src\Lib\inLibFacturasAplicacion.pas"/>
        <DCCReference
            Include="..\src\Lib\inLibFacturasConsolidacionPresentacion.pas"/>
        <DCCReference Include="..\src\Lib\inLibShowMto.pas"/>
        <DCCReference Include="..\src\Lib\inLibImpuestosComun.pas"/>
        <DCCReference Include="..\src\Lib\inLibComprasImpuestos.pas"/>
        <DCCReference Include="..\src\Lib\inLibVentasImpuestos.pas"/>
        <DCCReference Include="..\src\Lib\inLibMotorFiscalVenta.pas"/>
        <DCCReference Include="..\src\Lib\inLibSqlSeguro.pas"/>
        <DCCReference Include="..\src\Caja\Lib\inLibCajaTipos.pas"/>
        <DCCReference Include="..\src\Caja\Lib\inLibFaseCobro.pas"/>
        <DCCReference Include="..\src\Caja\Lib\inLibFaseCobroPersistenciaIntf.pas"/>
        <DCCReference Include="..\src\Caja\Lib\inLibCajaVentaIntf.pas"/>
        <DCCReference Include="..\src\Caja\Lib\inLibCajaDescuentos.pas"/>
        <DCCReference Include="..\src\Caja\Lib\inLibCajaRectificacion.pas"/>
        <DCCReference Include="..\src\Caja\Lib\inLibCajaCierreVenta.pas"/>
        <DCCReference Include="..\src\Lib\inLibComprasSesionesReglas.pas"/>
        <DCCReference Include="..\src\Lib\inLibCatalogoSqlIntf.pas"/>
        <DCCReference Include="..\src\Lib\inLibCatalogoSqlValidacion.pas"/>
        <DCCReference Include="..\src\Lib\inLibCatalogoSqlPerfiles.pas"/>
        <DCCReference Include="..\src\Lib\inLibCatalogoSqlAdmin.pas"/>
        <DCCReference Include="..\src\Lib\inLibCatalogoSqlRegistro.pas"/>
        <DCCReference Include="..\src\Lib\inLibCatalogoSqlIncidencias.pas"/>
        <DCCReference Include="..\src\Lib\inLibCatalogoSqlEjecucion.pas"/>
        <DCCReference Include="..\src\Lib\inLibComprasSesionesIntf.pas"/>
        <DCCReference Include="..\src\Lib\inLibComprasSesionesMaterializacionIntf.pas"/>
        <DCCReference
            Include="..\src\Lib\inLibComprasSesionesLecturasIntf.pas"/>
        <DCCReference Include="..\src\Lib\inLibComprasSesiones.pas"/>
        <DCCReference Include="..\src\Lib\inLibComprasSesionesMaterializar.pas"/>
        <DCCReference Include="..\src\DataModules\UniDataComprasSesionesRepositorio.pas"/>
        <DCCReference Include="..\src\DataModules\UniDataComprasSesionesMaterializacionRepositorio.pas"/>
        <DCCReference Include="CompilarIntegracionSql31c.pas"/>
        <DCCReference Include="..\src\DataModules\UniDataComprasSesionesUnidadTrabajo.pas"/>
        <DCCReference
            Include="..\src\Lib\inLibDevolucionesCompraMovimientosIntf.pas"/>
        <DCCReference
            Include="..\src\Lib\inLibDevolucionesCompraMovimientos.pas"/>
        <DCCReference
            Include="..\src\DataModules\UniDataDevolucionesCompraMovimientos.pas"/>
        <DCCReference Include="..\src\Lib\inLibArticulosVariacionesIntf.pas"/>
        <DCCReference Include="..\src\Lib\inLibArticulosVariaciones.pas"/>
        <DCCReference
            Include="..\src\DataModules\UniDataArticulosVariaciones.pas"/>
        <DCCReference Include="..\src\Lib\inLibFotosPersistenciaIntf.pas"/>
        <DCCReference Include="..\src\Lib\inLibInteraccionDatosIntf.pas"/>
        <DCCReference Include="..\src\Lib\inLibFotosTipos.pas"/>
        <DCCReference Include="..\src\Lib\inLibFotosConsulta.pas"/>
        <DCCReference Include="..\src\Lib\inLibFotosAlmacenamiento.pas"/>
        <DCCReference Include="..\src\Lib\inLibFotosEdicion.pas"/>
        <DCCReference Include="..\src\Lib\inLibFotosSesion.pas"/>
        <DCCReference Include="..\src\Lib\inLibFotosPresentacion.pas"/>
        <DCCReference Include="..\src\Lib\inLibFotos.pas"/>
        <DCCReference
            Include="..\src\DataModules\UniDataFotosRepositorio.pas"/>
        <DCCReference
            Include="..\src\Lib\inLibGridPivoteCompraPersistenciaIntf.pas"/>
        <DCCReference
            Include="..\src\DataModules\UniDataGridPivoteCompraRepositorio.pas"/>
        <DCCReference Include="..\src\Lib\inLibPedidosCompraIntf.pas"/>
        <DCCReference Include="..\src\Lib\inLibPedidosCompraRecepcionIntf.pas"/>
        <DCCReference Include="..\src\Lib\inLibPedidosCompra.pas"/>
        <DCCReference
            Include="..\src\DataModules\UniDataPedidosCompraPendientes.pas"/>
        <DCCReference
            Include="..\src\DataModules\UniDataPedidosCompraAlbaranComun.pas"/>
        <DCCReference
            Include="..\src\DataModules\UniDataPedidosCompraCreacionAlbaran.pas"/>
        <DCCReference
            Include="..\src\DataModules\UniDataPedidosCompraIncorporacionAlbaran.pas"/>
        <DCCReference
            Include="..\src\DataModules\UniDataPedidosCompraRecepcion.pas"/>
        <DCCReference
            Include="..\src\DataModules\UniDataPedidosCompraOperaciones.pas"/>
        <DCCReference Include="..\src\Lib\inLibVentasWsJsonIntf.pas"/>
        <DCCReference Include="..\src\Lib\inLibVentasWsJson.pas"/>
        <DCCReference Include="..\src\DataModules\UniDataVentasWsJson.pas"/>
        <DCCReference Include="..\src\DataModules\UniDataVentasWsCola.pas"/>
        <DCCReference Include="..\src\DataModules\UniDataVentasWsSesion.pas"/>
        <DCCReference Include="..\src\DataModules\UniDataColumnasSkuServicios.pas"/>
        <DCCReference Include="..\src\verifactu\UniDataVerifactuColaRepositorio.pas"/>
        <DCCReference Include="..\src\verifactu\inLibVerifactuEsquemaIntf.pas"/>
        <DCCReference Include="..\src\verifactu\UniDataVerifactuEsquema.pas"/>
        <DCCReference
            Include="..\src\verifactu\inLibVerifactuNoVerifactuExportIntf.pas"/>
        <DCCReference
            Include="..\src\verifactu\UniDataVerifactuNoVerifactuExport.pas"/>
        <DCCReference Include="..\src\verifactu\UniDataVerifactuColaProcesador.pas"/>
        <DCCReference Include="..\src\verifactu\UniDataVerifactuColaResultados.pas"/>
        <DCCReference Include="..\src\verifactu\inLibVerifactuReintentos.pas"/>
        <DCCReference Include="..\src\DataModules\UniDataCatalogoSqlValidacion.pas"/>
        <DCCReference Include="..\src\DataModules\UniDataFacturasRepositorio.pas"/>
        <DCCReference Include="..\src\Lib\inLibFacturasLecturasIntf.pas"/>
        <DCCReference Include="..\src\DataModules\UniDataFacturasLecturas.pas"/>
        <DCCReference Include="..\src\Lib\inLibFacturaePersistenciaIntf.pas"/>
        <DCCReference Include="..\src\DataModules\UniDataFacturaeRepositorio.pas"/>
        <DCCReference Include="..\src\Caja\DataModules\UniDataCajaConsultasRepositorio.pas"/>
        <DCCReference Include="..\src\Lib\inLibArticulosResolverIntf.pas"/>
        <DCCReference Include="..\src\DataModules\UniDataArticulosResolverRepositorio.pas"/>
        <DCCReference Include="..\src\Lib\inLibArticulosValidadorIntf.pas"/>
        <DCCReference Include="..\src\Lib\inLibAplicacionArticuloCompraIntf.pas"/>
        <DCCReference Include="..\src\Lib\inLibAplicacionArticuloCompra.pas"/>
        <DCCReference Include="..\src\DataModules\UniDataAplicacionArticuloCompra.pas"/>
        <DCCReference Include="..\src\DataModules\UniDataDocsProveedorSql.pas"/>
        <DCCReference Include="..\src\DataModules\UniDataDocsProveedor.pas"/>
        <DCCReference Include="..\src\DataModules\UniDataArticulosValidadorRepositorio.pas"/>
        <DCCReference Include="..\src\Lib\inLibArticulosAtributosIntf.pas"/>
        <DCCReference
            Include="..\src\Lib\inLibArticulosAtributosBasicosIntf.pas"/>
        <DCCReference Include="..\src\Lib\inLibModoTallasIntf.pas"/>
        <DCCReference Include="..\src\Lib\inLibModoTallasModelo.pas"/>
        <DCCReference Include="..\src\Lib\inLibModoTallasConversion.pas"/>
        <DCCReference Include="..\src\DataModules\UniDataArticulosAtributosRepositorio.pas"/>
        <DCCReference
            Include="..\src\DataModules\UniDataArticulosAtributosBasicosRepositorio.pas"/>
        <DCCReference Include="..\src\Caja\Lib\inLibTraspasoTicketIntf.pas"/>
        <DCCReference Include="..\src\Caja\DataModules\UniDataTraspasoTicketRepositorio.pas"/>
        <DCCReference Include="..\src\Caja\Lib\inLibArqueoIntf.pas"/>
        <DCCReference Include="..\src\Caja\DataModules\UniDataArqueoRepositorio.pas"/>
        <DCCReference Include="..\src\Caja\Lib\inLibArqueoTicketIntf.pas"/>
        <DCCReference Include="..\src\Caja\DataModules\UniDataArqueoTicketRepositorio.pas"/>
        <DCCReference Include="..\src\Caja\Lib\inLibTiraCajaTicketIntf.pas"/>
        <DCCReference Include="..\src\Caja\DataModules\UniDataTiraCajaTicketRepositorio.pas"/>
        <DCCReference Include="..\src\Caja\Lib\inLibTicketsCajaIntf.pas"/>
        <DCCReference Include="..\src\Caja\DataModules\UniDataTicketsCajaRepositorio.pas"/>
        <DCCReference Include="..\src\DataModules\UniDataCatalogoSqlAplicacion.pas"/>
        <DCCReference Include="..\src\Lib\inLibRegistroLogNulo.pas"/>
        <DCCReference Include="..\src\Lib\inLibConfigCamposIntf.pas"/>
        <DCCReference Include="..\src\Lib\inLibRepositoriosPantallaIntf.pas"/>
        <DCCReference Include="..\src\DataModules\UniDataRepositoriosPantalla.pas"/>
        <DCCReference Include="..\src\DataModules\UniDataRepositoriosGeneralesPantalla.pas"/>
        <DCCReference Include="..\src\DataModules\UniDataRepositoriosCajaPantalla.pas"/>
        <DCCReference Include="..\src\Lib\inLibPerfilesUsuarioValores.pas"/>
        <DCCReference Include="..\src\Lib\inLibExcepcionesAplicacionIntf.pas"/>
        <DCCReference Include="..\src\Lib\inLibEnvioErroresIntf.pas"/>
        <DCCReference Include="..\src\Lib\inLibTraduccionesIntf.pas"/>
        <DCCReference Include="..\src\Lib\inLibTraducciones.pas"/>
        <DCCReference Include="..\src\Lib\inLibGridPivoteCompraTipos.pas"/>
        <DCCReference Include="..\src\Lib\inLibPivoteCompraCalculo.pas"/>
        <DCCReference Include="..\src\Lib\inLibPivoteVentaCalculo.pas"/>
        <DCCReference Include="..\src\Lib\inLibPivoteVentaIntf.pas"/>
        <DCCReference Include="..\src\Lib\inLibPivoteVentaComposicionIntf.pas"/>
        <DCCReference Include="..\src\Lib\inLibPivoteVentaModelo.pas"/>
        <DCCReference Include="PruebasAtributosPaleta.pas"/>
        <DCCReference Include="PruebasColumnasDocumento.pas"/>
        <DCCReference Include="PruebasFiltroUsuario.pas"/>
        <DCCReference Include="PruebasGestorFiltrosMto.pas"/>
        <DCCReference Include="PruebasGestorPerfilesMto.pas"/>
        <DCCReference Include="PruebasGestorGuiasGridMto.pas"/>
        <DCCReference Include="PruebasGestorTareasMto.pas"/>
        <DCCReference Include="PruebasGestorArticulosMto.pas"/>
        <DCCReference Include="PruebasArticulosVisibilidad.pas"/>
        <DCCReference Include="PruebasArticulosGuardado.pas"/>
        <DCCReference Include="PruebasStockConsultaEntrada.pas"/>
        <DCCReference Include="PruebasGestorCopiaLineasCompra.pas"/>
        <DCCReference Include="PruebasDiagnosticoMetadata.pas"/>
        <DCCReference Include="PruebasCadenas.pas"/>
        <DCCReference Include="PruebasCifrado.pas"/>
        <DCCReference Include="PruebasCopiasSeguridad.pas"/>
        <DCCReference Include="PruebasConfiguracionIni.pas"/>
        <DCCReference Include="PruebasIdentificacionFiscalBancaria.pas"/>
        <DCCReference Include="PruebasConexiones.pas"/>
        <DCCReference Include="PruebasDatasets.pas"/>
        <DCCReference Include="PruebasValoresAutomaticos.pas"/>
        <DCCReference Include="PruebasBusquedasCompra.pas"/>
        <DCCReference Include="PruebasDocumento.pas"/>
        <DCCReference Include="PruebasCatalogoSql.pas"/>
        <DCCReference Include="PruebasValidacionTallasCompra.pas"/>
        <DCCReference Include="DoblesModoTallas.pas"/>
        <DCCReference Include="PruebasModoTallas.pas"/>
        <DCCReference Include="PruebasPresentacionDocumento.pas"/>
        <DCCReference Include="PruebasNavegacionDocumento.pas"/>
        <DCCReference Include="PruebasImpuestosComun.pas"/>
        <DCCReference Include="PruebasTotalesDocumentos.pas"/>
        <DCCReference Include="PruebasSqlSeguro.pas"/>
        <DCCReference Include="PruebasReglasCompartidas.pas"/>
        <DCCReference Include="PruebasCajaVenta.pas"/>
        <DCCReference Include="PruebasCajaEntrada.pas"/>
        <DCCReference Include="PruebasFacturasServicios.pas"/>
        <DCCReference Include="PruebasFacturasLecturas.pas"/>
        <DCCReference Include="PruebasFacturaePersistencia.pas"/>
        <DCCReference Include="PruebasFacturasCobrosPresentacion.pas"/>
        <DCCReference Include="PruebasFacturasEstadoFiscalPresentacion.pas"/>
        <DCCReference Include="PruebasFacturasOperacionFiscal.pas"/>
        <DCCReference
            Include="PruebasFacturasConsolidacionPresentacion.pas"/>
        <DCCReference Include="PruebasFacturasConsolidacion.pas"/>
        <DCCReference Include="PruebasFacturasAplicacion.pas"/>
        <DCCReference Include="PruebasRestauracionCopiasConexion.pas"/>
        <DCCReference Include="PruebasFusionEfectos.pas"/>
        <DCCReference Include="PruebasImportacionPedidos.pas"/>
        <DCCReference Include="PruebasExcepcionesAplicacion.pas"/>
        <DCCReference Include="PruebasEnvioErrores.pas"/>
        <DCCReference Include="PruebasEmisionFiscal.pas"/>
        <DCCReference Include="PruebasDevolucionesCompraMovimientos.pas"/>
        <DCCReference Include="PruebasArticulosVariaciones.pas"/>
        <DCCReference Include="PruebasFotosPersistencia.pas"/>
        <DCCReference Include="PruebasGridPivoteCompraPersistencia.pas"/>
        <DCCReference Include="PruebasPivoteCompraCalculo.pas"/>
        <DCCReference Include="PruebasPedidosCompra.pas"/>
        <DCCReference Include="PruebasAplicacionArticuloCompra.pas"/>
        <DCCReference Include="PruebasVentasWsJson.pas"/>
        <DCCReference Include="PruebasVerifactuColaRepositorio.pas"/>
        <DCCReference
            Include="PruebasExportacionNoVerifactuPersistencia.pas"/>
        <DCCReference Include="PruebasCatalogoSqlRepositorios.pas"/>
        <DCCReference Include="PruebasArticulosResolverCatalogo.pas"/>
        <DCCReference Include="PruebasArticulosCatalogoSql22.pas"/>
        <DCCReference Include="PruebasTraspasoTicketCatalogo.pas"/>
        <DCCReference Include="PruebasArqueoCatalogo.pas"/>
        <DCCReference Include="PruebasArqueoTicketCatalogo.pas"/>
        <DCCReference Include="PruebasTiraCajaTicketCatalogo.pas"/>
        <DCCReference Include="PruebasTicketsCajaCatalogo.pas"/>
        <DCCReference Include="DoblesComprasSesiones.pas"/>
        <DCCReference Include="PruebasComprasSesionesRepositorio.pas"/>
        <DCCReference Include="PruebasComprasSesionesAplicacion.pas"/>
        <DCCReference Include="PruebasInventariosAplicacion.pas"/>
        <DCCReference Include="DoblesPivoteVenta.pas"/>
        <DCCReference Include="PruebasPivoteVenta.pas"/>
        <DCCReference Include="PruebasTraducciones.pas"/>

        <DCCReference Include="PruebasFacturasPresentadorCabecera.pas"/>
        <DCCReference Include="..\src\Lib\inLibMtoGenAplicacionIntf.pas"/>
        <DCCReference Include="..\src\Lib\inLibMtoGenAplicacion.pas"/>
        <DCCReference Include="..\src\Lib\inLibLogonAplicacionIntf.pas"/>
        <DCCReference Include="..\src\Lib\inLibLogonAplicacion.pas"/>
        <DCCReference Include="..\src\Lib\inLibGeneradorProcesosAplicacion.pas"/>
        <DCCReference Include="..\src\Lib\inLibMovimientosAlmacenAplicacion.pas"/>
        <DCCReference Include="PruebasMtoGenAplicacion.pas"/>
        <DCCReference Include="PruebasLogonAplicacion.pas"/>
        <DCCReference Include="PruebasGeneradorProcesosAplicacion.pas"/>
        <DCCReference Include="PruebasMovimientosAlmacenAplicacion.pas"/>
        <DCCReference Include="PruebasInformesOla4IA43.pas"/>
        <DCCReference Include="PruebasFacturasPresentadorDetalle.pas"/>
        <DCCReference Include="PruebasCajaStock.pas"/>
        <DCCReference Include="PruebasCorreoTickets.pas"/>
        <DCCReference Include="PruebasFormatoDocumento.pas"/>
        <DCCReference Include="PruebasGenerarTicketCaja.pas"/>
        <DCCReference Include="PruebasInventarioNube.pas"/>
        <DCCReference Include="PruebasSepaRemesasVenta.pas"/>
        <DCCReference Include="..\src\Lib\backup\Backup.Engine.pas"/>
        <DCCReference Include="..\src\Lib\backup\Backup.Types.pas"/>
        <DCCReference Include="..\src\Lib\backup\Core_Engine.pas"/>
        <DCCReference Include="..\src\Lib\backup\Core_Helpers.pas"/>
        <DCCReference Include="..\src\Lib\backup\Core_Interfaces.pas"/>
        <DCCReference Include="..\src\Lib\backup\Providers_MySQL.pas"/>
        <DCCReference Include="..\src\Lib\backup\Providers_MySQL_Helpers.pas"/>
        <DCCReference Include="..\src\Lib\backup\ScriptWriters.pas"/>
        <BuildConfiguration Include="Base">
            <Key>Base</Key>
        </BuildConfiguration>
        <BuildConfiguration Include="Release">
            <Key>Cfg_1</Key>
            <CfgParent>Base</CfgParent>
        </BuildConfiguration>
        <BuildConfiguration Include="Debug">
            <Key>Cfg_2</Key>
            <CfgParent>Base</CfgParent>
        </BuildConfiguration>
    </ItemGroup>
    <ProjectExtensions>
        <Borland.Personality>Delphi.Personality.12</Borland.Personality>
        <Borland.ProjectType/>
        <BorlandProject>
            <Delphi.Personality>
                <Source>
                    <Source Name="MainSource">FactuzamTests.dpr</Source>
                </Source>
            </Delphi.Personality>
            <Platforms>
                <Platform value="Win32">True</Platform>
                <Platform value="Win64">True</Platform>
            </Platforms>
        </BorlandProject>
        <ProjectFileVersion>12</ProjectFileVersion>
    </ProjectExtensions>
    <Import Project="$(BDS)\Bin\CodeGear.Delphi.Targets"
        Condition="Exists('$(BDS)\Bin\CodeGear.Delphi.Targets')"/>
</Project>
